{
    "_readme": [
        "This file locks the dependencies of your project to a known state",
        "Read more about it at http://getcomposer.org/doc/01-basic-usage.md#composer-lock-the-lock-file",
        "This file is @generated automatically"
    ],
    "hash": "25c3f2d5061ebe10379b1963480f6d5b",
    "packages": [
        {
            "name": "arvenil/ninja-mutex",
            "version": "0.4.1",
            "source": {
                "type": "git",
                "url": "https://github.com/arvenil/ninja-mutex.git",
                "reference": "b5be60f8798bdaa07b0bcf9d0a5bc431c3a2de7b"
            },
            "dist": {
                "type": "zip",
                "url": "https://api.github.com/repos/arvenil/ninja-mutex/zipball/b5be60f8798bdaa07b0bcf9d0a5bc431c3a2de7b",
                "reference": "b5be60f8798bdaa07b0bcf9d0a5bc431c3a2de7b",
                "shasum": ""
            },
            "require": {
                "php": ">=5.3.0"
            },
            "require-dev": {
                "codeclimate/php-test-reporter": "v0.1.2",
                "ext-memcache": "*",
                "ext-memcached": "*",
                "ext-pdo_mysql": "*",
                "mikey179/vfsstream": "v1.4.0",
                "predis/predis": "v1.0.0",
                "scrutinizer/ocular": "1.1.1"
            },
            "suggest": {
                "ext-memcache": "Create mutex using memcache extension",
                "ext-memcached": "Create mutex using memcached extension",
                "ext-pdo_mysql": "Create mutex using MySql",
                "predis/predis": "Create mutex using Predis (client library for Redis)"
            },
            "type": "library",
            "autoload": {
                "psr-0": {
                    "NinjaMutex": "src/"
                }
            },
            "notification-url": "https://packagist.org/downloads/",
            "license": [
                "MIT"
            ],
            "authors": [
                {
                    "name": "Kamil Dziedzic",
                    "email": "arvenil@klecza.pl"
                }
            ],
            "description": "Simple to use mutex implementation that can use flock, memcache, memcached, mysql or redis for locking",
            "homepage": "https://github.com/arvenil/ninja-mutex",
            "keywords": [
                "flock",
                "lock",
                "locking",
                "memcache",
                "memcached",
                "mutex",
                "mysql",
                "redis"
            ],
            "time": "2014-10-01 01:23:11"
        },
        {
            "name": "symfony/filesystem",
            "version": "v2.6.5",
            "target-dir": "Symfony/Component/Filesystem",
            "source": {
                "type": "git",
                "url": "https://github.com/symfony/Filesystem.git",
                "reference": "fdc5f151bc2db066b51870d5bea3773d915ced0b"
            },
            "dist": {
                "type": "zip",
                "url": "https://api.github.com/repos/symfony/Filesystem/zipball/fdc5f151bc2db066b51870d5bea3773d915ced0b",
                "reference": "fdc5f151bc2db066b51870d5bea3773d915ced0b",
                "shasum": ""
            },
            "require": {
                "php": ">=5.3.3"
            },
            "require-dev": {
                "symfony/phpunit-bridge": "~2.7"
            },
            "type": "library",
            "extra": {
                "branch-alias": {
                    "dev-master": "2.6-dev"
                }
            },
            "autoload": {
                "psr-0": {
                    "Symfony\\Component\\Filesystem\\": ""
                }
            },
            "notification-url": "https://packagist.org/downloads/",
            "license": [
                "MIT"
            ],
            "authors": [
                {
                    "name": "Symfony Community",
                    "homepage": "http://symfony.com/contributors"
                },
                {
                    "name": "Fabien Potencier",
                    "email": "fabien@symfony.com"
                }
            ],
            "description": "Symfony Filesystem Component",
            "homepage": "http://symfony.com",
            "time": "2015-03-12 10:28:44"
        }
    ],
    "packages-dev": [],
    "aliases": [],
    "minimum-stability": "stable",
    "stability-flags": {
        "symfony/filesystem": 0
    },
    "prefer-stable": false,
    "prefer-lowest": false,
    "platform": {
        "php": ">=5.4"
    },
    "platform-dev": []
}
